// !$*UTF8*$!
{
	archiveVersion = 1;
	classes = {
	};
	objectVersion = 50;
	objects = {

/* Begin PBXBuildFile section */
		70185DAF213E8ED200997E5F /* AppDelegate.swift in Sources */ = {isa = PBXBuildFile; fileRef = 70185DAE213E8ED200997E5F /* AppDelegate.swift */; };
		70185DB6213E8ED300997E5F /* Assets.xcassets in Resources */ = {isa = PBXBuildFile; fileRef = 70185DB5213E8ED300997E5F /* Assets.xcassets */; };
		70185DB9213E8ED300997E5F /* LaunchScreen.storyboard in Resources */ = {isa = PBXBuildFile; fileRef = 70185DB7213E8ED300997E5F /* LaunchScreen.storyboard */; };
		70185DC2213E8F4A00997E5F /* User.swift in Sources */ = {isa = PBXBuildFile; fileRef = 70185DC1213E8F4A00997E5F /* User.swift */; };
		70185DC4213E905700997E5F /* Api.swift in Sources */ = {isa = PBXBuildFile; fileRef = 70185DC3213E905700997E5F /* Api.swift */; };
		70185DC6213EAE3B00997E5F /* ImageDownloader.swift in Sources */ = {isa = PBXBuildFile; fileRef = 70185DC5213EAE3B00997E5F /* ImageDownloader.swift */; };
		70185DC9213EB08C00997E5F /* UserListViewModel.swift in Sources */ = {isa = PBXBuildFile; fileRef = 70185DC8213EB08C00997E5F /* UserListViewModel.swift */; };
		70185DCB213EB10400997E5F /* UserCellViewModel.swift in Sources */ = {isa = PBXBuildFile; fileRef = 70185DCA213EB10400997E5F /* UserCellViewModel.swift */; };
		70185DCE213EB61C00997E5F /* UIImageEx.swift in Sources */ = {isa = PBXBuildFile; fileRef = 70185DCD213EB61C00997E5F /* UIImageEx.swift */; };
		70185DD1213EB85900997E5F /* TimeLineTableViewCell.swift in Sources */ = {isa = PBXBuildFile; fileRef = 70185DD0213EB85900997E5F /* TimeLineTableViewCell.swift */; };
		70185DD4213EBA2F00997E5F /* TimeLineViewController.swift in Sources */ = {isa = PBXBuildFile; fileRef = 70185DD3213EBA2F00997E5F /* TimeLineViewController.swift */; };
		70185DD7213EBF7700997E5F /* Main.storyboard in Resources */ = {isa = PBXBuildFile; fileRef = 70185DD5213EBF7700997E5F /* Main.storyboard */; };
/* End PBXBuildFile section */

/* Begin PBXFileReference section */
		70185DAB213E8ED200997E5F /* iosDesignPatternMvvm.app */ = {isa = PBXFileReference; explicitFileType = wrapper.application; includeInIndex = 0; path = iosDesignPatternMvvm.app; sourceTree = BUILT_PRODUCTS_DIR; };
		70185DAE213E8ED200997E5F /* AppDelegate.swift */ = {isa = PBXFileReference; lastKnownFileType = sourcecode.swift; path = AppDelegate.swift; sourceTree = "<group>"; };
		70185DB5213E8ED300997E5F /* Assets.xcassets */ = {isa = PBXFileReference; lastKnownFileType = folder.assetcatalog; path = Assets.xcassets; sourceTree = "<group>"; };
		70185DB8213E8ED300997E5F /* Base */ = {isa = PBXFileReference; lastKnownFileType = file.storyboard; name = Base; path = Base.lproj/LaunchScreen.storyboard; sourceTree = "<group>"; };
		70185DBA213E8ED300997E5F /* Info.plist */ = {isa = PBXFileReference; lastKnownFileType = text.plist.xml; path = Info.plist; sourceTree = "<group>"; };
		70185DC1213E8F4A00997E5F /* User.swift */ = {isa = PBXFileReference; lastKnownFileType = sourcecode.swift; path = User.swift; sourceTree = "<group>"; };
		70185DC3213E905700997E5F /* Api.swift */ = {isa = PBXFileReference; lastKnownFileType = sourcecode.swift; path = Api.swift; sourceTree = "<group>"; };
		70185DC5213EAE3B00997E5F /* ImageDownloader.swift */ = {isa = PBXFileReference; lastKnownFileType = sourcecode.swift; path = ImageDownloader.swift; sourceTree = "<group>"; };
		70185DC8213EB08C00997E5F /* UserListViewModel.swift */ = {isa = PBXFileReference; lastKnownFileType = sourcecode.swift; path = UserListViewModel.swift; sourceTree = "<group>"; };
		70185DCA213EB10400997E5F /* UserCellViewModel.swift */ = {isa = PBXFileReference; lastKnownFileType = sourcecode.swift; path = UserCellViewModel.swift; sourceTree = "<group>"; };
		70185DCD213EB61C00997E5F /* UIImageEx.swift */ = {isa = PBXFileReference; lastKnownFileType = sourcecode.swift; path = UIImageEx.swift; sourceTree = "<group>"; };
		70185DD0213EB85900997E5F /* TimeLineTableViewCell.swift */ = {isa = PBXFileReference; lastKnownFileType = sourcecode.swift; path = TimeLineTableViewCell.swift; sourceTree = "<group>"; };
		70185DD3213EBA2F00997E5F /* TimeLineViewController.swift */ = {isa = PBXFileReference; lastKnownFileType = sourcecode.swift; path = TimeLineViewController.swift; sourceTree = "<group>"; };
		70185DD6213EBF7700997E5F /* Base */ = {isa = PBXFileReference; lastKnownFileType = file.storyboard; name = Base; path = Base.lproj/Main.storyboard; sourceTree = "<group>"; };
/* End PBXFileReference section */

/* Begin PBXFrameworksBuildPhase section */
		70185DA8213E8ED200997E5F /* Frameworks */ = {
			isa = PBXFrameworksBuildPhase;
			buildActionMask = 2147483647;
			files = (
			);
			runOnlyForDeploymentPostprocessing = 0;
		};
/* End PBXFrameworksBuildPhase section */

/* Begin PBXGroup section */
		70185DA2213E8ED200997E5F = {
			isa = PBXGroup;
			children = (
				70185DAD213E8ED200997E5F /* iosDesignPatternMvvm */,
				70185DAC213E8ED200997E5F /* Products */,
			);
			sourceTree = "<group>";
		};
		70185DAC213E8ED200997E5F /* Products */ = {
			isa = PBXGroup;
			children = (
				70185DAB213E8ED200997E5F /* iosDesignPatternMvvm.app */,
			);
			name = Products;
			sourceTree = "<group>";
		};
		70185DAD213E8ED200997E5F /* iosDesignPatternMvvm */ = {
			isa = PBXGroup;
			children = (
				70185DBA213E8ED300997E5F /* Info.plist */,
				70185DAE213E8ED200997E5F /* AppDelegate.swift */,
				70185DB5213E8ED300997E5F /* Assets.xcassets */,
				70185DCC213EB5EF00997E5F /* Extensions */,
				70185DB7213E8ED300997E5F /* LaunchScreen.storyboard */,
				70185DD5213EBF7700997E5F /* Main.storyboard */,
				70185DC0213E8F3900997E5F /* Models */,
				70185DD2213EBA0900997E5F /* ViewControllers */,
				70185DC7213EB06900997E5F /* ViewModels */,
				70185DCF213EB83500997E5F /* Views */,
			);
			path = iosDesignPatternMvvm;
			sourceTree = "<group>";
		};
		70185DC0213E8F3900997E5F /* Models */ = {
			isa = PBXGroup;
			children = (
				70185DC3213E905700997E5F /* Api.swift */,
				70185DC5213EAE3B00997E5F /* ImageDownloader.swift */,
				70185DC1213E8F4A00997E5F /* User.swift */,
			);
			path = Models;
			sourceTree = "<group>";
		};
		70185DC7213EB06900997E5F /* ViewModels */ = {
			isa = PBXGroup;
			children = (
				70185DCA213EB10400997E5F /* UserCellViewModel.swift */,
				70185DC8213EB08C00997E5F /* UserListViewModel.swift */,
			);
			path = ViewModels;
			sourceTree = "<group>";
		};
		70185DCC213EB5EF00997E5F /* Extensions */ = {
			isa = PBXGroup;
			children = (
				70185DCD213EB61C00997E5F /* UIImageEx.swift */,
			);
			path = Extensions;
			sourceTree = "<group>";
		};
		70185DCF213EB83500997E5F /* Views */ = {
			isa = PBXGroup;
			children = (
				70185DD0213EB85900997E5F /* TimeLineTableViewCell.swift */,
			);
			path = Views;
			sourceTree = "<group>";
		};
		70185DD2213EBA0900997E5F /* ViewControllers */ = {
			isa = PBXGroup;
			children = (
				70185DD3213EBA2F00997E5F /* TimeLineViewController.swift */,
			);
			path = ViewControllers;
			sourceTree = "<group>";
		};
/* End PBXGroup section */

/* Begin PBXNativeTarget section */
		70185DAA213E8ED200997E5F /* iosDesignPatternMvvm */ = {
			isa = PBXNativeTarget;
			buildConfigurationList = 70185DBD213E8ED300997E5F /* Build configuration list for PBXNativeTarget "iosDesignPatternMvvm" */;
			buildPhases = (
				70185DA7213E8ED200997E5F /* Sources */,
				70185DA8213E8ED200997E5F /* Frameworks */,
				70185DA9213E8ED200997E5F /* Resources */,
			);
			buildRules = (
			);
			dependencies = (
			);
			name = iosDesignPatternMvvm;
			productName = iosDesignPatternMvvm;
			productReference = 70185DAB213E8ED200997E5F /* iosDesignPatternMvvm.app */;
			productType = "com.apple.product-type.application";
		};
/* End PBXNativeTarget section */

/* Begin PBXProject section */
		70185DA3213E8ED200997E5F /* Project object */ = {
			isa = PBXProject;
			attributes = {
				LastSwiftUpdateCheck = 0940;
				LastUpgradeCheck = 0940;
				ORGANIZATIONNAME = "Yusuke Aono";
				TargetAttributes = {
					70185DAA213E8ED200997E5F = {
						CreatedOnToolsVersion = 9.4.1;
					};
				};
			};
			buildConfigurationList = 70185DA6213E8ED200997E5F /* Build configuration list for PBXProject "iosDesignPatternMvvm" */;
			compatibilityVersion = "Xcode 9.3";
			developmentRegion = en;
			hasScannedForEncodings = 0;
			knownRegions = (
				en,
				Base,
			);
			mainGroup = 70185DA2213E8ED200997E5F;
			productRefGroup = 70185DAC213E8ED200997E5F /* Products */;
			projectDirPath = "";
			projectRoot = "";
			targets = (
				70185DAA213E8ED200997E5F /* iosDesignPatternMvvm */,
			);
		};
/* End PBXProject section */

/* Begin PBXResourcesBuildPhase section */
		70185DA9213E8ED200997E5F /* Resources */ = {
			isa = PBXResourcesBuildPhase;
			buildActionMask = 2147483647;
			files = (
				70185DD7213EBF7700997E5F /* Main.storyboard in Resources */,
				70185DB9213E8ED300997E5F /* LaunchScreen.storyboard in Resources */,
				70185DB6213E8ED300997E5F /* Assets.xcassets in Resources */,
			);
			runOnlyForDeploymentPostprocessing = 0;
		};
/* End PBXResourcesBuildPhase section */

/* Begin PBXSourcesBuildPhase section */
		70185DA7213E8ED200997E5F /* Sources */ = {
			isa = PBXSourcesBuildPhase;
			buildActionMask = 2147483647;
			files = (
				70185DCE213EB61C00997E5F /* UIImageEx.swift in Sources */,
				70185DD1213EB85900997E5F /* TimeLineTableViewCell.swift in Sources */,
				70185DC9213EB08C00997E5F /* UserListViewModel.swift in Sources */,
				70185DCB213EB10400997E5F /* UserCellViewModel.swift in Sources */,
				70185DC6213EAE3B00997E5F /* ImageDownloader.swift in Sources */,
				70185DAF213E8ED200997E5F /* AppDelegate.swift in Sources */,
				70185DC4213E905700997E5F /* Api.swift in Sources */,
				70185DC2213E8F4A00997E5F /* User.swift in Sources */,
				70185DD4213EBA2F00997E5F /* TimeLineViewController.swift in Sources */,
			);
			runOnlyForDeploymentPostprocessing = 0;
		};
/* End PBXSourcesBuildPhase section */

/* Begin PBXVariantGroup section */
		70185DB7213E8ED300997E5F /* LaunchScreen.storyboard */ = {
			isa = PBXVariantGroup;
			children = (
				70185DB8213E8ED300997E5F /* Base */,
			);
			name = LaunchScreen.storyboard;
			sourceTree = "<group>";
		};
		70185DD5213EBF7700997E5F /* Main.storyboard */ = {
			isa = PBXVariantGroup;
			children = (
				70185DD6213EBF7700997E5F /* Base */,
			);
			name = Main.storyboard;
			sourceTree = "<group>";
		};
/* End PBXVariantGroup section */

/* Begin XCBuildConfiguration section */
		70185DBB213E8ED300997E5F /* Debug */ = {
			isa = XCBuildConfiguration;
			buildSettings = {
				ALWAYS_SEARCH_USER_PATHS = NO;
				CLANG_ANALYZER_NONNULL = YES;
				CLANG_ANALYZER_NUMBER_OBJECT_CONVERSION = YES_AGGRESSIVE;
				CLANG_CXX_LANGUAGE_STANDARD = "gnu++14";
				CLANG_CXX_LIBRARY = "libc++";
				CLANG_ENABLE_MODULES = YES;
				CLANG_ENABLE_OBJC_ARC = YES;
				CLANG_ENABLE_OBJC_WEAK = YES;
				CLANG_WARN_BLOCK_CAPTURE_AUTORELEASING = YES;
				CLANG_WARN_BOOL_CONVERSION = YES;
				CLANG_WARN_COMMA = YES;
				CLANG_WARN_CONSTANT_CONVERSION = YES;
				CLANG_WARN_DEPRECATED_OBJC_IMPLEMENTATIONS = YES;
				CLANG_WARN_DIRECT_OBJC_ISA_USAGE = YES_ERROR;
				CLANG_WARN_DOCUMENTATION_COMMENTS = YES;
				CLANG_WARN_EMPTY_BODY = YES;
				CLANG_WARN_ENUM_CONVERSION = YES;
				CLANG_WARN_INFINITE_RECURSION = YES;
				CLANG_WARN_INT_CONVERSION = YES;
				CLANG_WARN_NON_LITERAL_NULL_CONVERSION = YES;
				CLANG_WARN_OBJC_IMPLICIT_RETAIN_SELF = YES;
				CLANG_WARN_OBJC_LITERAL_CONVERSION = YES;
				CLANG_WARN_OBJC_ROOT_CLASS = YES_ERROR;
				CLANG_WARN_RANGE_LOOP_ANALYSIS = YES;
				CLANG_WARN_STRICT_PROTOTYPES = YES;
				CLANG_WARN_SUSPICIOUS_MOVE = YES;
				CLANG_WARN_UNGUARDED_AVAILABILITY = YES_AGGRESSIVE;
				CLANG_WARN_UNREACHABLE_CODE = YES;
				CLANG_WARN__DUPLICATE_METHOD_MATCH = YES;
				CODE_SIGN_IDENTITY = "iPhone Developer";
				COPY_PHASE_STRIP = NO;
				DEBUG_INFORMATION_FORMAT = dwarf;
				ENABLE_STRICT_OBJC_MSGSEND = YES;
				ENABLE_TESTABILITY = YES;
				GCC_C_LANGUAGE_STANDARD = gnu11;
				GCC_DYNAMIC_NO_PIC = NO;
				GCC_NO_COMMON_BLOCKS = YES;
				GCC_OPTIMIZATION_LEVEL = 0;
				GCC_PREPROCESSOR_DEFINITIONS = (
					"DEBUG=1",
					"$(inherited)",
				);
				GCC_WARN_64_TO_32_BIT_CONVERSION = YES;
				GCC_WARN_ABOUT_RETURN_TYPE = YES_ERROR;
				GCC_WARN_UNDECLARED_SELECTOR = YES;
				GCC_WARN_UNINITIALIZED_AUTOS = YES_AGGRESSIVE;
				GCC_WARN_UNUSED_FUNCTION = YES;
				GCC_WARN_UNUSED_VARIABLE = YES;
				IPHONEOS_DEPLOYMENT_TARGET = 11.4;
				MTL_ENABLE_DEBUG_INFO = YES;
				ONLY_ACTIVE_ARCH = YES;
				SDKROOT = iphoneos;
				SWIFT_ACTIVE_COMPILATION_CONDITIONS = DEBUG;
				SWIFT_OPTIMIZATION_LEVEL = "-Onone";
			};
			name = Debug;
		};
		70185DBC213E8ED300997E5F /* Release */ = {
			isa = XCBuildConfiguration;
			buildSettings = {
				ALWAYS_SEARCH_USER_PATHS = NO;
				CLANG_ANALYZER_NONNULL = YES;
				CLANG_ANALYZER_NUMBER_OBJECT_CONVERSION = YES_AGGRESSIVE;
				CLANG_CXX_LANGUAGE_STANDARD = "gnu++14";
				CLANG_CXX_LIBRARY = "libc++";
				CLANG_ENABLE_MODULES = YES;
				CLANG_ENABLE_OBJC_ARC = YES;
				CLANG_ENABLE_OBJC_WEAK = YES;
				CLANG_WARN_BLOCK_CAPTURE_AUTORELEASING = YES;
				CLANG_WARN_BOOL_CONVERSION = YES;
				CLANG_WARN_COMMA = YES;
				CLANG_WARN_CONSTANT_CONVERSION = YES;
				CLANG_WARN_DEPRECATED_OBJC_IMPLEMENTATIONS = YES;
				CLANG_WARN_DIRECT_OBJC_ISA_USAGE = YES_ERROR;
				CLANG_WARN_DOCUMENTATION_COMMENTS = YES;
				CLANG_WARN_EMPTY_BODY = YES;
				CLANG_WARN_ENUM_CONVERSION = YES;
				CLANG_WARN_INFINITE_RECURSION = YES;
				CLANG_WARN_INT_CONVERSION = YES;
				CLANG_WARN_NON_LITERAL_NULL_CONVERSION = YES;
				CLANG_WARN_OBJC_IMPLICIT_RETAIN_SELF = YES;
				CLANG_WARN_OBJC_LITERAL_CONVERSION = YES;
				CLANG_WARN_OBJC_ROOT_CLASS = YES_ERROR;
				CLANG_WARN_RANGE_LOOP_ANALYSIS = YES;
				CLANG_WARN_STRICT_PROTOTYPES = YES;
				CLANG_WARN_SUSPICIOUS_MOVE = YES;
				CLANG_WARN_UNGUARDED_AVAILABILITY = YES_AGGRESSIVE;
				CLANG_WARN_UNREACHABLE_CODE = YES;
				CLANG_WARN__DUPLICATE_METHOD_MATCH = YES;
				CODE_SIGN_IDENTITY = "iPhone Developer";
				COPY_PHASE_STRIP = NO;
				DEBUG_INFORMATION_FORMAT = "dwarf-with-dsym";
				ENABLE_NS_ASSERTIONS = NO;
				ENABLE_STRICT_OBJC_MSGSEND = YES;
				GCC_C_LANGUAGE_STANDARD = gnu11;
				GCC_NO_COMMON_BLOCKS = YES;
				GCC_WARN_64_TO_32_BIT_CONVERSION = YES;
				GCC_WARN_ABOUT_RETURN_TYPE = YES_ERROR;
				GCC_WARN_UNDECLARED_SELECTOR = YES;
				GCC_WARN_UNINITIALIZED_AUTOS = YES_AGGRESSIVE;
				GCC_WARN_UNUSED_FUNCTION = YES;
				GCC_WARN_UNUSED_VARIABLE = YES;
				IPHONEOS_DEPLOYMENT_TARGET = 11.4;
				MTL_ENABLE_DEBUG_INFO = NO;
				SDKROOT = iphoneos;
				SWIFT_COMPILATION_MODE = wholemodule;
				SWIFT_OPTIMIZATION_LEVEL = "-O";
				VALIDATE_PRODUCT = YES;
			};
			name = Release;
		};
		70185DBE213E8ED300997E5F /* Debug */ = {
			isa = XCBuildConfiguration;
			buildSettings = {
				ASSETCATALOG_COMPILER_APPICON_NAME = AppIcon;
				CODE_SIGN_STYLE = Automatic;
				DEVELOPMENT_TEAM = 8C9TZF26K4;
				INFOPLIST_FILE = iosDesignPatternMvvm/Info.plist;
				LD_RUNPATH_SEARCH_PATHS = (
					"$(inherited)",
					"@executable_path/Frameworks",
				);
				PRODUCT_BUNDLE_IDENTIFIER = io.github.ysk1031.iosDesignPatternMvvm;
				PRODUCT_NAME = "$(TARGET_NAME)";
				SWIFT_VERSION = 4.0;
				TARGETED_DEVICE_FAMILY = "1,2";
			};
			name = Debug;
		};
		70185DBF213E8ED300997E5F /* Release */ = {
			isa = XCBuildConfiguration;
			buildSettings = {
				ASSETCATALOG_COMPILER_APPICON_NAME = AppIcon;
				CODE_SIGN_STYLE = Automatic;
				DEVELOPMENT_TEAM = 8C9TZF26K4;
				INFOPLIST_FILE = iosDesignPatternMvvm/Info.plist;
				LD_RUNPATH_SEARCH_PATHS = (
					"$(inherited)",
					"@executable_path/Frameworks",
				);
				PRODUCT_BUNDLE_IDENTIFIER = io.github.ysk1031.iosDesignPatternMvvm;
				PRODUCT_NAME = "$(TARGET_NAME)";
				SWIFT_VERSION = 4.0;
				TARGETED_DEVICE_FAMILY = "1,2";
			};
			name = Release;
		};
/* End XCBuildConfiguration section */

/* Begin XCConfigurationList section */
		70185DA6213E8ED200997E5F /* Build configuration list for PBXProject "iosDesignPatternMvvm" */ = {
			isa = XCConfigurationList;
			buildConfigurations = (
				70185DBB213E8ED300997E5F /* Debug */,
				70185DBC213E8ED300997E5F /* Release */,
			);
			defaultConfigurationIsVisible = 0;
			defaultConfigurationName = Release;
		};
		70185DBD213E8ED300997E5F /* Build configuration list for PBXNativeTarget "iosDesignPatternMvvm" */ = {
			isa = XCConfigurationList;
			buildConfigurations = (
				70185DBE213E8ED300997E5F /* Debug */,
				70185DBF213E8ED300997E5F /* Release */,
			);
			defaultConfigurationIsVisible = 0;
			defaultConfigurationName = Release;
		};
/* End XCConfigurationList section */
	};
	rootObject = 70185DA3213E8ED200997E5F /* Project object */;
}
